
Microsoft Visual Studio Solution File, Format Version 12.00
# Visual Studio Version 17
VisualStudioVersion = 17.6.33723.286
MinimumVisualStudioVersion = 10.0.40219.1
Project("{FAE04EC0-301F-11D3-BF4B-00C04F79EFBC}") = "sampleprogram", "sampleprogram\sampleprogram.csproj", "{1120CCBE-05C4-4163-BD0E-E9D5DD57A8C8}"
EndProject
Global
	GlobalSection(SolutionConfigurationPlatforms) = preSolution
		Debug|Any CPU = Debug|Any CPU
		Release|Any CPU = Release|Any CPU
	EndGlobalSection
	GlobalSection(ProjectConfigurationPlatforms) = postSolution
		{1120CCBE-05C4-4163-BD0E-E9D5DD57A8C8}.Debug|Any CPU.ActiveCfg = Debug|Any CPU
		{1120CCBE-05C4-4163-BD0E-E9D5DD57A8C8}.Debug|Any CPU.Build.0 = Debug|Any CPU
		{1120CCBE-05C4-4163-BD0E-E9D5DD57A8C8}.Release|Any CPU.ActiveCfg = Release|Any CPU
		{1120CCBE-05C4-4163-BD0E-E9D5DD57A8C8}.Release|Any CPU.Build.0 = Release|Any CPU
	EndGlobalSection
	GlobalSection(SolutionProperties) = preSolution
		HideSolutionNode = FALSE
	EndGlobalSection
	GlobalSection(ExtensibilityGlobals) = postSolution
		SolutionGuid = {17AC29ED-812D-448F-8CBE-9D4ED04AA77B}
	EndGlobalSection
EndGlobal
